
Microsoft Visual Studio Solution File, Format Version 12.00
# Visual Studio Version 16
VisualStudioVersion = 16.0.29418.71
MinimumVisualStudioVersion = 10.0.40219.1
Project("{9A19103F-16F7-4668-BE54-9A1E7A4F7556}") = "BrainTreeTestWeb", "BrainTreeTestWeb\BrainTreeTestWeb.csproj", "{CD32DA40-54E7-4189-881B-D9E3FDAD28B5}"
EndProject
Project("{9A19103F-16F7-4668-BE54-9A1E7A4F7556}") = "BrainTreeTestService", "BrainTreeTestService\BrainTreeTestService.csproj", "{2D516F9E-C484-4662-9A6B-5D44786F4490}"
EndProject
Global
	GlobalSection(SolutionConfigurationPlatforms) = preSolution
		Debug|Any CPU = Debug|Any CPU
		Release|Any CPU = Release|Any CPU
	EndGlobalSection
	GlobalSection(ProjectConfigurationPlatforms) = postSolution
		{CD32DA40-54E7-4189-881B-D9E3FDAD28B5}.Debug|Any CPU.ActiveCfg = Debug|Any CPU
		{CD32DA40-54E7-4189-881B-D9E3FDAD28B5}.Debug|Any CPU.Build.0 = Debug|Any CPU
		{CD32DA40-54E7-4189-881B-D9E3FDAD28B5}.Release|Any CPU.ActiveCfg = Release|Any CPU
		{CD32DA40-54E7-4189-881B-D9E3FDAD28B5}.Release|Any CPU.Build.0 = Release|Any CPU
		{2D516F9E-C484-4662-9A6B-5D44786F4490}.Debug|Any CPU.ActiveCfg = Debug|Any CPU
		{2D516F9E-C484-4662-9A6B-5D44786F4490}.Debug|Any CPU.Build.0 = Debug|Any CPU
		{2D516F9E-C484-4662-9A6B-5D44786F4490}.Release|Any CPU.ActiveCfg = Release|Any CPU
		{2D516F9E-C484-4662-9A6B-5D44786F4490}.Release|Any CPU.Build.0 = Release|Any CPU
	EndGlobalSection
	GlobalSection(SolutionProperties) = preSolution
		HideSolutionNode = FALSE
	EndGlobalSection
	GlobalSection(ExtensibilityGlobals) = postSolution
		SolutionGuid = {312D0378-799B-44AA-8E61-0E07BB6076FE}
	EndGlobalSection
EndGlobal
